
Microsoft Visual Studio Solution File, Format Version 12.00
# Visual Studio Version 16
VisualStudioVersion = 16.0.30804.86
MinimumVisualStudioVersion = 10.0.40219.1
Project("{FAE04EC0-301F-11D3-BF4B-00C04F79EFBC}") = "AppPruebaRodandoProducts.Api", "AppPruebaRodandoProducts.Api\AppPruebaRodandoProducts.Api.csproj", "{ED1D4C87-D6F2-4628-AE39-CDB1F71BDECD}"
EndProject
Project("{FAE04EC0-301F-11D3-BF4B-00C04F79EFBC}") = "AppPruebaRodandoProducts.Api.Application", "AppPruebaRodandoProducts.Api.Application\AppPruebaRodandoProducts.Api.Application.csproj", "{2A527A76-C36F-4170-B5A0-61DAD5F4D9D3}"
EndProject
Project("{FAE04EC0-301F-11D3-BF4B-00C04F79EFBC}") = "AppPruebaRodandoProducts.Api.ApplicationService", "AppPruebaRodandoProducts.Api.ApplicationService\AppPruebaRodandoProducts.Api.ApplicationService.csproj", "{7EE3AFAD-0622-4739-B4A2-F7B26D8CA0CD}"
EndProject
Project("{FAE04EC0-301F-11D3-BF4B-00C04F79EFBC}") = "AppPruebaRodandoProducts.Api.Domain", "AppPruebaRodandoProducts.Api.Domain\AppPruebaRodandoProducts.Api.Domain.csproj", "{70BB5BDC-F4C7-4796-9F9B-B7B0A8EFFAD7}"
EndProject
Project("{FAE04EC0-301F-11D3-BF4B-00C04F79EFBC}") = "AppPruebaRodandoProducts.Api.DomainService", "AppPruebaRodandoProducts.Api.DomainService\AppPruebaRodandoProducts.Api.DomainService.csproj", "{2A5F949C-92B9-4522-94A6-5096E701BA62}"
EndProject
Project("{FAE04EC0-301F-11D3-BF4B-00C04F79EFBC}") = "AppPruebaRodandoProducts.Api.Infrastructure", "AppPruebaRodandoProducts.Api.Infrastructure\AppPruebaRodandoProducts.Api.Infrastructure.csproj", "{50A7EB04-D95F-402F-B8C9-121C3F74C1ED}"
EndProject
Global
	GlobalSection(SolutionConfigurationPlatforms) = preSolution
		Debug|Any CPU = Debug|Any CPU
		Release|Any CPU = Release|Any CPU
	EndGlobalSection
	GlobalSection(ProjectConfigurationPlatforms) = postSolution
		{ED1D4C87-D6F2-4628-AE39-CDB1F71BDECD}.Debug|Any CPU.ActiveCfg = Debug|Any CPU
		{ED1D4C87-D6F2-4628-AE39-CDB1F71BDECD}.Debug|Any CPU.Build.0 = Debug|Any CPU
		{ED1D4C87-D6F2-4628-AE39-CDB1F71BDECD}.Release|Any CPU.ActiveCfg = Release|Any CPU
		{ED1D4C87-D6F2-4628-AE39-CDB1F71BDECD}.Release|Any CPU.Build.0 = Release|Any CPU
		{2A527A76-C36F-4170-B5A0-61DAD5F4D9D3}.Debug|Any CPU.ActiveCfg = Debug|Any CPU
		{2A527A76-C36F-4170-B5A0-61DAD5F4D9D3}.Debug|Any CPU.Build.0 = Debug|Any CPU
		{2A527A76-C36F-4170-B5A0-61DAD5F4D9D3}.Release|Any CPU.ActiveCfg = Release|Any CPU
		{2A527A76-C36F-4170-B5A0-61DAD5F4D9D3}.Release|Any CPU.Build.0 = Release|Any CPU
		{7EE3AFAD-0622-4739-B4A2-F7B26D8CA0CD}.Debug|Any CPU.ActiveCfg = Debug|Any CPU
		{7EE3AFAD-0622-4739-B4A2-F7B26D8CA0CD}.Debug|Any CPU.Build.0 = Debug|Any CPU
		{7EE3AFAD-0622-4739-B4A2-F7B26D8CA0CD}.Release|Any CPU.ActiveCfg = Release|Any CPU
		{7EE3AFAD-0622-4739-B4A2-F7B26D8CA0CD}.Release|Any CPU.Build.0 = Release|Any CPU
		{70BB5BDC-F4C7-4796-9F9B-B7B0A8EFFAD7}.Debug|Any CPU.ActiveCfg = Debug|Any CPU
		{70BB5BDC-F4C7-4796-9F9B-B7B0A8EFFAD7}.Debug|Any CPU.Build.0 = Debug|Any CPU
		{70BB5BDC-F4C7-4796-9F9B-B7B0A8EFFAD7}.Release|Any CPU.ActiveCfg = Release|Any CPU
		{70BB5BDC-F4C7-4796-9F9B-B7B0A8EFFAD7}.Release|Any CPU.Build.0 = Release|Any CPU
		{2A5F949C-92B9-4522-94A6-5096E701BA62}.Debug|Any CPU.ActiveCfg = Debug|Any CPU
		{2A5F949C-92B9-4522-94A6-5096E701BA62}.Debug|Any CPU.Build.0 = Debug|Any CPU
		{2A5F949C-92B9-4522-94A6-5096E701BA62}.Release|Any CPU.ActiveCfg = Release|Any CPU
		{2A5F949C-92B9-4522-94A6-5096E701BA62}.Release|Any CPU.Build.0 = Release|Any CPU
		{50A7EB04-D95F-402F-B8C9-121C3F74C1ED}.Debug|Any CPU.ActiveCfg = Debug|Any CPU
		{50A7EB04-D95F-402F-B8C9-121C3F74C1ED}.Debug|Any CPU.Build.0 = Debug|Any CPU
		{50A7EB04-D95F-402F-B8C9-121C3F74C1ED}.Release|Any CPU.ActiveCfg = Release|Any CPU
		{50A7EB04-D95F-402F-B8C9-121C3F74C1ED}.Release|Any CPU.Build.0 = Release|Any CPU
	EndGlobalSection
	GlobalSection(SolutionProperties) = preSolution
		HideSolutionNode = FALSE
	EndGlobalSection
	GlobalSection(ExtensibilityGlobals) = postSolution
		SolutionGuid = {5EE58F8B-5A55-40FC-942A-59C4DBF27BB5}
	EndGlobalSection
EndGlobal
